
Microsoft Visual Studio Solution File, Format Version 12.00
# Visual Studio 15
VisualStudioVersion = 15.0.28307.168
MinimumVisualStudioVersion = 10.0.40219.1
Project("{FAE04EC0-301F-11D3-BF4B-00C04F79EFBC}") = "Input Output", "Input Output\Input Output.csproj", "{549E2881-9AF9-43E9-AAAC-FA7856549AD6}"
EndProject
Project("{FAE04EC0-301F-11D3-BF4B-00C04F79EFBC}") = "Input Output 1", "Input Output 1\Input Output 1.csproj", "{B1EBDB9D-07BA-4D6C-90DF-708B29CFB004}"
EndProject
Project("{FAE04EC0-301F-11D3-BF4B-00C04F79EFBC}") = "Input Output 2", "Input Output 2\Input Output 2.csproj", "{0FB63C9E-6517-42CD-9E71-008E09F39D6A}"
EndProject
Global
	GlobalSection(SolutionConfigurationPlatforms) = preSolution
		Debug|Any CPU = Debug|Any CPU
		Release|Any CPU = Release|Any CPU
	EndGlobalSection
	GlobalSection(ProjectConfigurationPlatforms) = postSolution
		{549E2881-9AF9-43E9-AAAC-FA7856549AD6}.Debug|Any CPU.ActiveCfg = Debug|Any CPU
		{549E2881-9AF9-43E9-AAAC-FA7856549AD6}.Debug|Any CPU.Build.0 = Debug|Any CPU
		{549E2881-9AF9-43E9-AAAC-FA7856549AD6}.Release|Any CPU.ActiveCfg = Release|Any CPU
		{549E2881-9AF9-43E9-AAAC-FA7856549AD6}.Release|Any CPU.Build.0 = Release|Any CPU
		{B1EBDB9D-07BA-4D6C-90DF-708B29CFB004}.Debug|Any CPU.ActiveCfg = Debug|Any CPU
		{B1EBDB9D-07BA-4D6C-90DF-708B29CFB004}.Debug|Any CPU.Build.0 = Debug|Any CPU
		{B1EBDB9D-07BA-4D6C-90DF-708B29CFB004}.Release|Any CPU.ActiveCfg = Release|Any CPU
		{B1EBDB9D-07BA-4D6C-90DF-708B29CFB004}.Release|Any CPU.Build.0 = Release|Any CPU
		{0FB63C9E-6517-42CD-9E71-008E09F39D6A}.Debug|Any CPU.ActiveCfg = Debug|Any CPU
		{0FB63C9E-6517-42CD-9E71-008E09F39D6A}.Debug|Any CPU.Build.0 = Debug|Any CPU
		{0FB63C9E-6517-42CD-9E71-008E09F39D6A}.Release|Any CPU.ActiveCfg = Release|Any CPU
		{0FB63C9E-6517-42CD-9E71-008E09F39D6A}.Release|Any CPU.Build.0 = Release|Any CPU
	EndGlobalSection
	GlobalSection(SolutionProperties) = preSolution
		HideSolutionNode = FALSE
	EndGlobalSection
	GlobalSection(ExtensibilityGlobals) = postSolution
		SolutionGuid = {E364551C-0FFA-4185-A132-6F4F90F771E0}
	EndGlobalSection
EndGlobal
