
Microsoft Visual Studio Solution File, Format Version 12.00
# Visual Studio 15
VisualStudioVersion = 15.0.28307.329
MinimumVisualStudioVersion = 10.0.40219.1
Project("{FAE04EC0-301F-11D3-BF4B-00C04F79EFBC}") = "Task Paralell Library", "Task Paralell Library\Task Paralell Library.csproj", "{5AEE759C-AC97-4FD3-95B5-04095DB208A4}"
EndProject
Project("{FAE04EC0-301F-11D3-BF4B-00C04F79EFBC}") = "TPL Task 1", "TPL Task 1\TPL Task 1.csproj", "{3E13F8CB-8B6D-4540-AA32-7E290D1B1479}"
EndProject
Project("{FAE04EC0-301F-11D3-BF4B-00C04F79EFBC}") = "TPL Task 2", "TPL Task 2\TPL Task 2.csproj", "{16BDD41B-EF85-4094-9847-15980D966DE5}"
EndProject
Project("{FAE04EC0-301F-11D3-BF4B-00C04F79EFBC}") = "TPL Task 3", "TPL Task 3\TPL Task 3.csproj", "{FDD3075D-C3C1-4233-B157-16EC512D0CB5}"
EndProject
Project("{FAE04EC0-301F-11D3-BF4B-00C04F79EFBC}") = "TPL Task 4", "TPL Task 4\TPL Task 4.csproj", "{DCD3DD01-6891-499E-93A0-98B1405EE362}"
EndProject
Project("{FAE04EC0-301F-11D3-BF4B-00C04F79EFBC}") = "TPL Task 5", "TPL Task 5\TPL Task 5.csproj", "{D204A0F4-C217-48C1-8A5A-13E37D5B9C31}"
EndProject
Project("{FAE04EC0-301F-11D3-BF4B-00C04F79EFBC}") = "TPL Task 6", "TPL Task 6\TPL Task 6.csproj", "{E3ACC9FD-415E-4103-99A4-839F789D3F50}"
EndProject
Project("{FAE04EC0-301F-11D3-BF4B-00C04F79EFBC}") = "TPL Task 7", "TPL Task 7\TPL Task 7.csproj", "{79142787-9C38-4D04-8796-21E04312962F}"
EndProject
Project("{FAE04EC0-301F-11D3-BF4B-00C04F79EFBC}") = "TPL Task 8", "TPL Task 8\TPL Task 8.csproj", "{750F3F65-39AD-4BF1-B5CC-02F01FED4016}"
EndProject
Global
	GlobalSection(SolutionConfigurationPlatforms) = preSolution
		Debug|Any CPU = Debug|Any CPU
		Release|Any CPU = Release|Any CPU
	EndGlobalSection
	GlobalSection(ProjectConfigurationPlatforms) = postSolution
		{5AEE759C-AC97-4FD3-95B5-04095DB208A4}.Debug|Any CPU.ActiveCfg = Debug|Any CPU
		{5AEE759C-AC97-4FD3-95B5-04095DB208A4}.Debug|Any CPU.Build.0 = Debug|Any CPU
		{5AEE759C-AC97-4FD3-95B5-04095DB208A4}.Release|Any CPU.ActiveCfg = Release|Any CPU
		{5AEE759C-AC97-4FD3-95B5-04095DB208A4}.Release|Any CPU.Build.0 = Release|Any CPU
		{3E13F8CB-8B6D-4540-AA32-7E290D1B1479}.Debug|Any CPU.ActiveCfg = Debug|Any CPU
		{3E13F8CB-8B6D-4540-AA32-7E290D1B1479}.Debug|Any CPU.Build.0 = Debug|Any CPU
		{3E13F8CB-8B6D-4540-AA32-7E290D1B1479}.Release|Any CPU.ActiveCfg = Release|Any CPU
		{3E13F8CB-8B6D-4540-AA32-7E290D1B1479}.Release|Any CPU.Build.0 = Release|Any CPU
		{16BDD41B-EF85-4094-9847-15980D966DE5}.Debug|Any CPU.ActiveCfg = Debug|Any CPU
		{16BDD41B-EF85-4094-9847-15980D966DE5}.Debug|Any CPU.Build.0 = Debug|Any CPU
		{16BDD41B-EF85-4094-9847-15980D966DE5}.Release|Any CPU.ActiveCfg = Release|Any CPU
		{16BDD41B-EF85-4094-9847-15980D966DE5}.Release|Any CPU.Build.0 = Release|Any CPU
		{FDD3075D-C3C1-4233-B157-16EC512D0CB5}.Debug|Any CPU.ActiveCfg = Debug|Any CPU
		{FDD3075D-C3C1-4233-B157-16EC512D0CB5}.Debug|Any CPU.Build.0 = Debug|Any CPU
		{FDD3075D-C3C1-4233-B157-16EC512D0CB5}.Release|Any CPU.ActiveCfg = Release|Any CPU
		{FDD3075D-C3C1-4233-B157-16EC512D0CB5}.Release|Any CPU.Build.0 = Release|Any CPU
		{DCD3DD01-6891-499E-93A0-98B1405EE362}.Debug|Any CPU.ActiveCfg = Debug|Any CPU
		{DCD3DD01-6891-499E-93A0-98B1405EE362}.Debug|Any CPU.Build.0 = Debug|Any CPU
		{DCD3DD01-6891-499E-93A0-98B1405EE362}.Release|Any CPU.ActiveCfg = Release|Any CPU
		{DCD3DD01-6891-499E-93A0-98B1405EE362}.Release|Any CPU.Build.0 = Release|Any CPU
		{D204A0F4-C217-48C1-8A5A-13E37D5B9C31}.Debug|Any CPU.ActiveCfg = Debug|Any CPU
		{D204A0F4-C217-48C1-8A5A-13E37D5B9C31}.Debug|Any CPU.Build.0 = Debug|Any CPU
		{D204A0F4-C217-48C1-8A5A-13E37D5B9C31}.Release|Any CPU.ActiveCfg = Release|Any CPU
		{D204A0F4-C217-48C1-8A5A-13E37D5B9C31}.Release|Any CPU.Build.0 = Release|Any CPU
		{E3ACC9FD-415E-4103-99A4-839F789D3F50}.Debug|Any CPU.ActiveCfg = Debug|Any CPU
		{E3ACC9FD-415E-4103-99A4-839F789D3F50}.Debug|Any CPU.Build.0 = Debug|Any CPU
		{E3ACC9FD-415E-4103-99A4-839F789D3F50}.Release|Any CPU.ActiveCfg = Release|Any CPU
		{E3ACC9FD-415E-4103-99A4-839F789D3F50}.Release|Any CPU.Build.0 = Release|Any CPU
		{79142787-9C38-4D04-8796-21E04312962F}.Debug|Any CPU.ActiveCfg = Debug|Any CPU
		{79142787-9C38-4D04-8796-21E04312962F}.Debug|Any CPU.Build.0 = Debug|Any CPU
		{79142787-9C38-4D04-8796-21E04312962F}.Release|Any CPU.ActiveCfg = Release|Any CPU
		{79142787-9C38-4D04-8796-21E04312962F}.Release|Any CPU.Build.0 = Release|Any CPU
		{750F3F65-39AD-4BF1-B5CC-02F01FED4016}.Debug|Any CPU.ActiveCfg = Debug|Any CPU
		{750F3F65-39AD-4BF1-B5CC-02F01FED4016}.Debug|Any CPU.Build.0 = Debug|Any CPU
		{750F3F65-39AD-4BF1-B5CC-02F01FED4016}.Release|Any CPU.ActiveCfg = Release|Any CPU
		{750F3F65-39AD-4BF1-B5CC-02F01FED4016}.Release|Any CPU.Build.0 = Release|Any CPU
	EndGlobalSection
	GlobalSection(SolutionProperties) = preSolution
		HideSolutionNode = FALSE
	EndGlobalSection
	GlobalSection(ExtensibilityGlobals) = postSolution
		SolutionGuid = {FE869379-6500-4968-B4BB-126FED8C51D0}
	EndGlobalSection
EndGlobal
