
Microsoft Visual Studio Solution File, Format Version 12.00
# Visual Studio 15
VisualStudioVersion = 15.0.28307.329
MinimumVisualStudioVersion = 10.0.40219.1
Project("{FAE04EC0-301F-11D3-BF4B-00C04F79EFBC}") = "Async Await", "Async Await\Async Await.csproj", "{623F10CA-BE42-45BB-A085-00694A24B25D}"
EndProject
Project("{FAE04EC0-301F-11D3-BF4B-00C04F79EFBC}") = "Asinc Await Task 2", "Asinc Await Task 2\Asinc Await Task 2.csproj", "{DFA3A7D0-D90D-43E7-B8B6-290ACE92932F}"
EndProject
Project("{FAE04EC0-301F-11D3-BF4B-00C04F79EFBC}") = "Asinc Await Task 3", "Asinc Await Task 3\Asinc Await Task 3.csproj", "{5AE58E0D-471B-4418-A15E-CD8E502821A3}"
EndProject
Project("{FAE04EC0-301F-11D3-BF4B-00C04F79EFBC}") = "Asinc Await Continuation", "Asinc Await Continuation\Asinc Await Continuation.csproj", "{8F37B382-8B21-4FF7-B45E-5D385A7EB8DD}"
EndProject
Global
	GlobalSection(SolutionConfigurationPlatforms) = preSolution
		Debug|Any CPU = Debug|Any CPU
		Release|Any CPU = Release|Any CPU
	EndGlobalSection
	GlobalSection(ProjectConfigurationPlatforms) = postSolution
		{623F10CA-BE42-45BB-A085-00694A24B25D}.Debug|Any CPU.ActiveCfg = Debug|Any CPU
		{623F10CA-BE42-45BB-A085-00694A24B25D}.Debug|Any CPU.Build.0 = Debug|Any CPU
		{623F10CA-BE42-45BB-A085-00694A24B25D}.Release|Any CPU.ActiveCfg = Release|Any CPU
		{623F10CA-BE42-45BB-A085-00694A24B25D}.Release|Any CPU.Build.0 = Release|Any CPU
		{DFA3A7D0-D90D-43E7-B8B6-290ACE92932F}.Debug|Any CPU.ActiveCfg = Debug|Any CPU
		{DFA3A7D0-D90D-43E7-B8B6-290ACE92932F}.Debug|Any CPU.Build.0 = Debug|Any CPU
		{DFA3A7D0-D90D-43E7-B8B6-290ACE92932F}.Release|Any CPU.ActiveCfg = Release|Any CPU
		{DFA3A7D0-D90D-43E7-B8B6-290ACE92932F}.Release|Any CPU.Build.0 = Release|Any CPU
		{5AE58E0D-471B-4418-A15E-CD8E502821A3}.Debug|Any CPU.ActiveCfg = Debug|Any CPU
		{5AE58E0D-471B-4418-A15E-CD8E502821A3}.Debug|Any CPU.Build.0 = Debug|Any CPU
		{5AE58E0D-471B-4418-A15E-CD8E502821A3}.Release|Any CPU.ActiveCfg = Release|Any CPU
		{5AE58E0D-471B-4418-A15E-CD8E502821A3}.Release|Any CPU.Build.0 = Release|Any CPU
		{8F37B382-8B21-4FF7-B45E-5D385A7EB8DD}.Debug|Any CPU.ActiveCfg = Debug|Any CPU
		{8F37B382-8B21-4FF7-B45E-5D385A7EB8DD}.Debug|Any CPU.Build.0 = Debug|Any CPU
		{8F37B382-8B21-4FF7-B45E-5D385A7EB8DD}.Release|Any CPU.ActiveCfg = Release|Any CPU
		{8F37B382-8B21-4FF7-B45E-5D385A7EB8DD}.Release|Any CPU.Build.0 = Release|Any CPU
	EndGlobalSection
	GlobalSection(SolutionProperties) = preSolution
		HideSolutionNode = FALSE
	EndGlobalSection
	GlobalSection(ExtensibilityGlobals) = postSolution
		SolutionGuid = {8CC559AC-270A-4C51-B17D-540F98671DD2}
	EndGlobalSection
EndGlobal
